# Generated by buf. DO NOT EDIT.
version: v1
deps:
  - remote: buf.build
    owner: bufbuild
    repository: protovalidate
    commit: 3757a25ff0b9479eae89d3e80a508d34
    digest: shake256:a22859303872f42a4489bb7d5117aeaa5e36cc6448ae8f317ff29510e04e14282f5426de620602b2ae55fd6c4bc17bd32b18ba8db1cbb7187512ae29275090af
